
Microsoft Visual Studio Solution File, Format Version 9.00
# Visual Studio 2005
Project("{FAE04EC0-301F-11D3-BF4B-00C04F79EFBC}") = "seating", "seating\seating.csproj", "{BFDA26DB-FBC6-4271-BD56-DAA6934764AF}"
EndProject
Global
	GlobalSection(SolutionConfigurationPlatforms) = preSolution
		Debug|Any CPU = Debug|Any CPU
		Release|Any CPU = Release|Any CPU
	EndGlobalSection
	GlobalSection(ProjectConfigurationPlatforms) = postSolution
		{BFDA26DB-FBC6-4271-BD56-DAA6934764AF}.Debug|Any CPU.ActiveCfg = Debug|Any CPU
		{BFDA26DB-FBC6-4271-BD56-DAA6934764AF}.Debug|Any CPU.Build.0 = Debug|Any CPU
		{BFDA26DB-FBC6-4271-BD56-DAA6934764AF}.Release|Any CPU.ActiveCfg = Release|Any CPU
		{BFDA26DB-FBC6-4271-BD56-DAA6934764AF}.Release|Any CPU.Build.0 = Release|Any CPU
	EndGlobalSection
	GlobalSection(SolutionProperties) = preSolution
		HideSolutionNode = FALSE
	EndGlobalSection
EndGlobal
